
Microsoft Visual Studio Solution File, Format Version 12.00
# Visual Studio 14
VisualStudioVersion = 14.0.24720.0
MinimumVisualStudioVersion = 10.0.40219.1
Project("{FAE04EC0-301F-11D3-BF4B-00C04F79EFBC}") = "Synchromatics.BusStop.Tests", "Sychromatics.BusStop.Tests\Synchromatics.BusStop.Tests.csproj", "{33EFC7A1-B45B-453E-A99E-1816A6914025}"
EndProject
Project("{FAE04EC0-301F-11D3-BF4B-00C04F79EFBC}") = "Synchromatics.BusStop.Model", "Synchromatics.BusStop.Model\Synchromatics.BusStop.Model.csproj", "{38818534-D350-4491-AF73-BF43C858B639}"
EndProject
Project("{FAE04EC0-301F-11D3-BF4B-00C04F79EFBC}") = "Synchromatics.BusStop.Logic", "Synchromatics.BusStop.Logic\Synchromatics.BusStop.Logic.csproj", "{00026866-12A7-466A-A62E-561EBD840288}"
EndProject
Project("{FAE04EC0-301F-11D3-BF4B-00C04F79EFBC}") = "Synchromatics.BusStop.Data", "Synchromatics.BusStop.Data\Synchromatics.BusStop.Data.csproj", "{E5B0D1C4-69DD-4087-90C5-64F8EF6E56F9}"
EndProject
Project("{FAE04EC0-301F-11D3-BF4B-00C04F79EFBC}") = "Synchromatics.BusStop.Contract", "Synchromatics.BusStop.Contract\Synchromatics.BusStop.Contract.csproj", "{9007C7C0-31AB-439A-92B9-4ED20AD0DDD3}"
EndProject
Project("{FAE04EC0-301F-11D3-BF4B-00C04F79EFBC}") = "Synchromatics.Shared.Types", "Synchromatics.Shared.Types\Synchromatics.Shared.Types.csproj", "{CE3653D0-3A2A-4AAD-A9C6-9388DD208167}"
EndProject
Project("{FAE04EC0-301F-11D3-BF4B-00C04F79EFBC}") = "Synchromatics.Host", "Synchromatics.Host\Synchromatics.Host.csproj", "{3D4CF1E8-7F84-4817-AC63-3122ED1D17D9}"
EndProject
Project("{FAE04EC0-301F-11D3-BF4B-00C04F79EFBC}") = "Synchromatics.TestClient", "Synchromatics.TestClient\Synchromatics.TestClient.csproj", "{509D9C40-D56C-4AE1-836F-95D90A7F3DA9}"
EndProject
Global
	GlobalSection(SolutionConfigurationPlatforms) = preSolution
		Debug|Any CPU = Debug|Any CPU
		Release|Any CPU = Release|Any CPU
	EndGlobalSection
	GlobalSection(ProjectConfigurationPlatforms) = postSolution
		{33EFC7A1-B45B-453E-A99E-1816A6914025}.Debug|Any CPU.ActiveCfg = Debug|Any CPU
		{33EFC7A1-B45B-453E-A99E-1816A6914025}.Debug|Any CPU.Build.0 = Debug|Any CPU
		{33EFC7A1-B45B-453E-A99E-1816A6914025}.Release|Any CPU.ActiveCfg = Release|Any CPU
		{33EFC7A1-B45B-453E-A99E-1816A6914025}.Release|Any CPU.Build.0 = Release|Any CPU
		{38818534-D350-4491-AF73-BF43C858B639}.Debug|Any CPU.ActiveCfg = Debug|Any CPU
		{38818534-D350-4491-AF73-BF43C858B639}.Debug|Any CPU.Build.0 = Debug|Any CPU
		{38818534-D350-4491-AF73-BF43C858B639}.Release|Any CPU.ActiveCfg = Release|Any CPU
		{38818534-D350-4491-AF73-BF43C858B639}.Release|Any CPU.Build.0 = Release|Any CPU
		{00026866-12A7-466A-A62E-561EBD840288}.Debug|Any CPU.ActiveCfg = Debug|Any CPU
		{00026866-12A7-466A-A62E-561EBD840288}.Debug|Any CPU.Build.0 = Debug|Any CPU
		{00026866-12A7-466A-A62E-561EBD840288}.Release|Any CPU.ActiveCfg = Release|Any CPU
		{00026866-12A7-466A-A62E-561EBD840288}.Release|Any CPU.Build.0 = Release|Any CPU
		{E5B0D1C4-69DD-4087-90C5-64F8EF6E56F9}.Debug|Any CPU.ActiveCfg = Debug|Any CPU
		{E5B0D1C4-69DD-4087-90C5-64F8EF6E56F9}.Debug|Any CPU.Build.0 = Debug|Any CPU
		{E5B0D1C4-69DD-4087-90C5-64F8EF6E56F9}.Release|Any CPU.ActiveCfg = Release|Any CPU
		{E5B0D1C4-69DD-4087-90C5-64F8EF6E56F9}.Release|Any CPU.Build.0 = Release|Any CPU
		{9007C7C0-31AB-439A-92B9-4ED20AD0DDD3}.Debug|Any CPU.ActiveCfg = Debug|Any CPU
		{9007C7C0-31AB-439A-92B9-4ED20AD0DDD3}.Debug|Any CPU.Build.0 = Debug|Any CPU
		{9007C7C0-31AB-439A-92B9-4ED20AD0DDD3}.Release|Any CPU.ActiveCfg = Release|Any CPU
		{9007C7C0-31AB-439A-92B9-4ED20AD0DDD3}.Release|Any CPU.Build.0 = Release|Any CPU
		{CE3653D0-3A2A-4AAD-A9C6-9388DD208167}.Debug|Any CPU.ActiveCfg = Debug|Any CPU
		{CE3653D0-3A2A-4AAD-A9C6-9388DD208167}.Debug|Any CPU.Build.0 = Debug|Any CPU
		{CE3653D0-3A2A-4AAD-A9C6-9388DD208167}.Release|Any CPU.ActiveCfg = Release|Any CPU
		{CE3653D0-3A2A-4AAD-A9C6-9388DD208167}.Release|Any CPU.Build.0 = Release|Any CPU
		{3D4CF1E8-7F84-4817-AC63-3122ED1D17D9}.Debug|Any CPU.ActiveCfg = Debug|Any CPU
		{3D4CF1E8-7F84-4817-AC63-3122ED1D17D9}.Debug|Any CPU.Build.0 = Debug|Any CPU
		{3D4CF1E8-7F84-4817-AC63-3122ED1D17D9}.Release|Any CPU.ActiveCfg = Release|Any CPU
		{3D4CF1E8-7F84-4817-AC63-3122ED1D17D9}.Release|Any CPU.Build.0 = Release|Any CPU
		{509D9C40-D56C-4AE1-836F-95D90A7F3DA9}.Debug|Any CPU.ActiveCfg = Debug|Any CPU
		{509D9C40-D56C-4AE1-836F-95D90A7F3DA9}.Debug|Any CPU.Build.0 = Debug|Any CPU
		{509D9C40-D56C-4AE1-836F-95D90A7F3DA9}.Release|Any CPU.ActiveCfg = Release|Any CPU
		{509D9C40-D56C-4AE1-836F-95D90A7F3DA9}.Release|Any CPU.Build.0 = Release|Any CPU
	EndGlobalSection
	GlobalSection(SolutionProperties) = preSolution
		HideSolutionNode = FALSE
	EndGlobalSection
EndGlobal
